// !$*UTF8*$!
{
	archiveVersion = 1;
	classes = {
	};
	objectVersion = 56;
	objects = {

/* Begin PBXBuildFile section */
		FA92AFEE28A8C84600217378 /* Bootstrap.swift in Sources */ = {isa = PBXBuildFile; fileRef = FA92AFEC28A8C84600217378 /* Bootstrap.swift */; };
		FA92AFF028A8C88A00217378 /* Logger.swift in Sources */ = {isa = PBXBuildFile; fileRef = FA92AFEF28A8C88A00217378 /* Logger.swift */; };
		FA92AFF528A8CB1F00217378 /* Store.swift in Sources */ = {isa = PBXBuildFile; fileRef = FA92AFF428A8CB1F00217378 /* Store.swift */; };
		FA92AFF728A8CF8000217378 /* MatterRow.swift in Sources */ = {isa = PBXBuildFile; fileRef = FA92AFF628A8CF8000217378 /* MatterRow.swift */; };
		FA92AFF928A8D20500217378 /* MatterDetailView.swift in Sources */ = {isa = PBXBuildFile; fileRef = FA92AFF828A8D20500217378 /* MatterDetailView.swift */; };
		FA92AFFB28A8D89D00217378 /* MatterService.swift in Sources */ = {isa = PBXBuildFile; fileRef = FA92AFFA28A8D89D00217378 /* MatterService.swift */; };
		FAE1982528A78E3800559205 /* App.swift in Sources */ = {isa = PBXBuildFile; fileRef = FAE1982428A78E3800559205 /* App.swift */; };
		FAE1982728A78E3800559205 /* MainView.swift in Sources */ = {isa = PBXBuildFile; fileRef = FAE1982628A78E3800559205 /* MainView.swift */; };
		FAE1982928A78E3A00559205 /* Assets.xcassets in Resources */ = {isa = PBXBuildFile; fileRef = FAE1982828A78E3A00559205 /* Assets.xcassets */; };
		FAE1983628A78E3B00559205 /* CherryTests.swift in Sources */ = {isa = PBXBuildFile; fileRef = FAE1983528A78E3B00559205 /* CherryTests.swift */; };
		FAE1985228A7963F00559205 /* Sidebar.swift in Sources */ = {isa = PBXBuildFile; fileRef = FAE1985128A7963F00559205 /* Sidebar.swift */; };
		FAE1985428A7974E00559205 /* DetailView.swift in Sources */ = {isa = PBXBuildFile; fileRef = FAE1985328A7974E00559205 /* DetailView.swift */; };
		FAE1985728A79F0000559205 /* MattersList.swift in Sources */ = {isa = PBXBuildFile; fileRef = FAE1985628A79F0000559205 /* MattersList.swift */; };
		FAE1985928A7A1B300559205 /* Journal.swift in Sources */ = {isa = PBXBuildFile; fileRef = FAE1985828A7A1B300559205 /* Journal.swift */; };
		FAE1985F28A7A57D00559205 /* Blessing in Frameworks */ = {isa = PBXBuildFile; productRef = FAE1985E28A7A57D00559205 /* Blessing */; };
/* End PBXBuildFile section */

/* Begin PBXContainerItemProxy section */
		FAE1983228A78E3B00559205 /* PBXContainerItemProxy */ = {
			isa = PBXContainerItemProxy;
			containerPortal = FAE1981928A78E3800559205 /* Project object */;
			proxyType = 1;
			remoteGlobalIDString = FAE1982028A78E3800559205;
			remoteInfo = Cherry;
		};
/* End PBXContainerItemProxy section */

/* Begin PBXFileReference section */
		FA92AFEC28A8C84600217378 /* Bootstrap.swift */ = {isa = PBXFileReference; fileEncoding = 4; lastKnownFileType = sourcecode.swift; name = Bootstrap.swift; path = Shared/Model/Bootstrap.swift; sourceTree = SOURCE_ROOT; };
		FA92AFEF28A8C88A00217378 /* Logger.swift */ = {isa = PBXFileReference; lastKnownFileType = sourcecode.swift; path = Logger.swift; sourceTree = "<group>"; };
		FA92AFF428A8CB1F00217378 /* Store.swift */ = {isa = PBXFileReference; lastKnownFileType = sourcecode.swift; path = Store.swift; sourceTree = "<group>"; };
		FA92AFF628A8CF8000217378 /* MatterRow.swift */ = {isa = PBXFileReference; lastKnownFileType = sourcecode.swift; path = MatterRow.swift; sourceTree = "<group>"; };
		FA92AFF828A8D20500217378 /* MatterDetailView.swift */ = {isa = PBXFileReference; lastKnownFileType = sourcecode.swift; path = MatterDetailView.swift; sourceTree = "<group>"; };
		FA92AFFA28A8D89D00217378 /* MatterService.swift */ = {isa = PBXFileReference; lastKnownFileType = sourcecode.swift; path = MatterService.swift; sourceTree = "<group>"; };
		FAE1982128A78E3800559205 /* Cherry.app */ = {isa = PBXFileReference; explicitFileType = wrapper.application; includeInIndex = 0; path = Cherry.app; sourceTree = BUILT_PRODUCTS_DIR; };
		FAE1982428A78E3800559205 /* App.swift */ = {isa = PBXFileReference; lastKnownFileType = sourcecode.swift; path = App.swift; sourceTree = "<group>"; };
		FAE1982628A78E3800559205 /* MainView.swift */ = {isa = PBXFileReference; lastKnownFileType = sourcecode.swift; path = MainView.swift; sourceTree = "<group>"; };
		FAE1982828A78E3A00559205 /* Assets.xcassets */ = {isa = PBXFileReference; lastKnownFileType = folder.assetcatalog; path = Assets.xcassets; sourceTree = "<group>"; };
		FAE1983128A78E3B00559205 /* CherryTests.xctest */ = {isa = PBXFileReference; explicitFileType = wrapper.cfbundle; includeInIndex = 0; path = CherryTests.xctest; sourceTree = BUILT_PRODUCTS_DIR; };
		FAE1983528A78E3B00559205 /* CherryTests.swift */ = {isa = PBXFileReference; lastKnownFileType = sourcecode.swift; path = CherryTests.swift; sourceTree = "<group>"; };
		FAE1984E28A795D600559205 /* README.md */ = {isa = PBXFileReference; fileEncoding = 4; lastKnownFileType = net.daringfireball.markdown; path = README.md; sourceTree = "<group>"; };
		FAE1985128A7963F00559205 /* Sidebar.swift */ = {isa = PBXFileReference; lastKnownFileType = sourcecode.swift; path = Sidebar.swift; sourceTree = "<group>"; };
		FAE1985328A7974E00559205 /* DetailView.swift */ = {isa = PBXFileReference; lastKnownFileType = sourcecode.swift; path = DetailView.swift; sourceTree = "<group>"; };
		FAE1985628A79F0000559205 /* MattersList.swift */ = {isa = PBXFileReference; lastKnownFileType = sourcecode.swift; path = MattersList.swift; sourceTree = "<group>"; };
		FAE1985828A7A1B300559205 /* Journal.swift */ = {isa = PBXFileReference; lastKnownFileType = sourcecode.swift; path = Journal.swift; sourceTree = "<group>"; };
		FAE1985C28A7A41500559205 /* Blessing */ = {isa = PBXFileReference; lastKnownFileType = wrapper; path = Blessing; sourceTree = "<group>"; };
/* End PBXFileReference section */

/* Begin PBXFrameworksBuildPhase section */
		FAE1981E28A78E3800559205 /* Frameworks */ = {
			isa = PBXFrameworksBuildPhase;
			buildActionMask = 2147483647;
			files = (
				FAE1985F28A7A57D00559205 /* Blessing in Frameworks */,
			);
			runOnlyForDeploymentPostprocessing = 0;
		};
		FAE1982E28A78E3B00559205 /* Frameworks */ = {
			isa = PBXFrameworksBuildPhase;
			buildActionMask = 2147483647;
			files = (
			);
			runOnlyForDeploymentPostprocessing = 0;
		};
/* End PBXFrameworksBuildPhase section */

/* Begin PBXGroup section */
		FA92AFE928A7A77D00217378 /* Model */ = {
			isa = PBXGroup;
			children = (
				FA92AFEC28A8C84600217378 /* Bootstrap.swift */,
				FAE1985828A7A1B300559205 /* Journal.swift */,
				FA92AFEF28A8C88A00217378 /* Logger.swift */,
				FA92AFFA28A8D89D00217378 /* MatterService.swift */,
			);
			path = Model;
			sourceTree = "<group>";
		};
		FA92AFEA28A7A78600217378 /* Matter */ = {
			isa = PBXGroup;
			children = (
				FAE1985628A79F0000559205 /* MattersList.swift */,
				FA92AFF628A8CF8000217378 /* MatterRow.swift */,
				FA92AFF828A8D20500217378 /* MatterDetailView.swift */,
			);
			path = Matter;
			sourceTree = "<group>";
		};
		FA92AFF328A8CB1300217378 /* Store */ = {
			isa = PBXGroup;
			children = (
				FA92AFF428A8CB1F00217378 /* Store.swift */,
			);
			path = Store;
			sourceTree = "<group>";
		};
		FAE1981828A78E3800559205 = {
			isa = PBXGroup;
			children = (
				FAE1984E28A795D600559205 /* README.md */,
				FAE1982328A78E3800559205 /* Shared */,
				FAE1985C28A7A41500559205 /* Blessing */,
				FAE1983428A78E3B00559205 /* CherryTests */,
				FAE1982228A78E3800559205 /* Products */,
				FAE1985D28A7A57D00559205 /* Frameworks */,
			);
			sourceTree = "<group>";
		};
		FAE1982228A78E3800559205 /* Products */ = {
			isa = PBXGroup;
			children = (
				FAE1982128A78E3800559205 /* Cherry.app */,
				FAE1983128A78E3B00559205 /* CherryTests.xctest */,
			);
			name = Products;
			sourceTree = "<group>";
		};
		FAE1982328A78E3800559205 /* Shared */ = {
			isa = PBXGroup;
			children = (
				FAE1982428A78E3800559205 /* App.swift */,
				FA92AFF328A8CB1300217378 /* Store */,
				FA92AFEA28A7A78600217378 /* Matter */,
				FA92AFE928A7A77D00217378 /* Model */,
				FAE1985028A7961400559205 /* Navigation */,
				FAE1985528A79C4100559205 /* Resources */,
			);
			path = Shared;
			sourceTree = "<group>";
		};
		FAE1983428A78E3B00559205 /* CherryTests */ = {
			isa = PBXGroup;
			children = (
				FAE1983528A78E3B00559205 /* CherryTests.swift */,
			);
			path = CherryTests;
			sourceTree = "<group>";
		};
		FAE1985028A7961400559205 /* Navigation */ = {
			isa = PBXGroup;
			children = (
				FAE1985128A7963F00559205 /* Sidebar.swift */,
				FAE1982628A78E3800559205 /* MainView.swift */,
				FAE1985328A7974E00559205 /* DetailView.swift */,
			);
			path = Navigation;
			sourceTree = "<group>";
		};
		FAE1985528A79C4100559205 /* Resources */ = {
			isa = PBXGroup;
			children = (
				FAE1982828A78E3A00559205 /* Assets.xcassets */,
			);
			path = Resources;
			sourceTree = "<group>";
		};
		FAE1985D28A7A57D00559205 /* Frameworks */ = {
			isa = PBXGroup;
			children = (
			);
			name = Frameworks;
			sourceTree = "<group>";
		};
/* End PBXGroup section */

/* Begin PBXNativeTarget section */
		FAE1982028A78E3800559205 /* Cherry */ = {
			isa = PBXNativeTarget;
			buildConfigurationList = FAE1984528A78E3B00559205 /* Build configuration list for PBXNativeTarget "Cherry" */;
			buildPhases = (
				FAE1981D28A78E3800559205 /* Sources */,
				FAE1981E28A78E3800559205 /* Frameworks */,
				FAE1981F28A78E3800559205 /* Resources */,
			);
			buildRules = (
			);
			dependencies = (
			);
			name = Cherry;
			packageProductDependencies = (
				FAE1985E28A7A57D00559205 /* Blessing */,
			);
			productName = Cherry;
			productReference = FAE1982128A78E3800559205 /* Cherry.app */;
			productType = "com.apple.product-type.application";
		};
		FAE1983028A78E3B00559205 /* CherryTests */ = {
			isa = PBXNativeTarget;
			buildConfigurationList = FAE1984828A78E3B00559205 /* Build configuration list for PBXNativeTarget "CherryTests" */;
			buildPhases = (
				FAE1982D28A78E3B00559205 /* Sources */,
				FAE1982E28A78E3B00559205 /* Frameworks */,
				FAE1982F28A78E3B00559205 /* Resources */,
			);
			buildRules = (
			);
			dependencies = (
				FAE1983328A78E3B00559205 /* PBXTargetDependency */,
			);
			name = CherryTests;
			productName = CherryTests;
			productReference = FAE1983128A78E3B00559205 /* CherryTests.xctest */;
			productType = "com.apple.product-type.bundle.unit-test";
		};
/* End PBXNativeTarget section */

/* Begin PBXProject section */
		FAE1981928A78E3800559205 /* Project object */ = {
			isa = PBXProject;
			attributes = {
				BuildIndependentTargetsInParallel = 1;
				LastSwiftUpdateCheck = 1400;
				LastUpgradeCheck = 1400;
				TargetAttributes = {
					FAE1982028A78E3800559205 = {
						CreatedOnToolsVersion = 14.0;
					};
					FAE1983028A78E3B00559205 = {
						CreatedOnToolsVersion = 14.0;
						TestTargetID = FAE1982028A78E3800559205;
					};
				};
			};
			buildConfigurationList = FAE1981C28A78E3800559205 /* Build configuration list for PBXProject "Cherry" */;
			compatibilityVersion = "Xcode 14.0";
			developmentRegion = en;
			hasScannedForEncodings = 0;
			knownRegions = (
				en,
				Base,
			);
			mainGroup = FAE1981828A78E3800559205;
			productRefGroup = FAE1982228A78E3800559205 /* Products */;
			projectDirPath = "";
			projectRoot = "";
			targets = (
				FAE1982028A78E3800559205 /* Cherry */,
				FAE1983028A78E3B00559205 /* CherryTests */,
			);
		};
/* End PBXProject section */

/* Begin PBXResourcesBuildPhase section */
		FAE1981F28A78E3800559205 /* Resources */ = {
			isa = PBXResourcesBuildPhase;
			buildActionMask = 2147483647;
			files = (
				FAE1982928A78E3A00559205 /* Assets.xcassets in Resources */,
			);
			runOnlyForDeploymentPostprocessing = 0;
		};
		FAE1982F28A78E3B00559205 /* Resources */ = {
			isa = PBXResourcesBuildPhase;
			buildActionMask = 2147483647;
			files = (
			);
			runOnlyForDeploymentPostprocessing = 0;
		};
/* End PBXResourcesBuildPhase section */

/* Begin PBXSourcesBuildPhase section */
		FAE1981D28A78E3800559205 /* Sources */ = {
			isa = PBXSourcesBuildPhase;
			buildActionMask = 2147483647;
			files = (
				FA92AFEE28A8C84600217378 /* Bootstrap.swift in Sources */,
				FAE1982728A78E3800559205 /* MainView.swift in Sources */,
				FAE1985428A7974E00559205 /* DetailView.swift in Sources */,
				FA92AFF528A8CB1F00217378 /* Store.swift in Sources */,
				FA92AFFB28A8D89D00217378 /* MatterService.swift in Sources */,
				FA92AFF028A8C88A00217378 /* Logger.swift in Sources */,
				FA92AFF728A8CF8000217378 /* MatterRow.swift in Sources */,
				FA92AFF928A8D20500217378 /* MatterDetailView.swift in Sources */,
				FAE1985228A7963F00559205 /* Sidebar.swift in Sources */,
				FAE1982528A78E3800559205 /* App.swift in Sources */,
				FAE1985728A79F0000559205 /* MattersList.swift in Sources */,
				FAE1985928A7A1B300559205 /* Journal.swift in Sources */,
			);
			runOnlyForDeploymentPostprocessing = 0;
		};
		FAE1982D28A78E3B00559205 /* Sources */ = {
			isa = PBXSourcesBuildPhase;
			buildActionMask = 2147483647;
			files = (
				FAE1983628A78E3B00559205 /* CherryTests.swift in Sources */,
			);
			runOnlyForDeploymentPostprocessing = 0;
		};
/* End PBXSourcesBuildPhase section */

/* Begin PBXTargetDependency section */
		FAE1983328A78E3B00559205 /* PBXTargetDependency */ = {
			isa = PBXTargetDependency;
			target = FAE1982028A78E3800559205 /* Cherry */;
			targetProxy = FAE1983228A78E3B00559205 /* PBXContainerItemProxy */;
		};
/* End PBXTargetDependency section */

/* Begin XCBuildConfiguration section */
		FAE1984328A78E3B00559205 /* Debug */ = {
			isa = XCBuildConfiguration;
			buildSettings = {
				ALWAYS_SEARCH_USER_PATHS = NO;
				CLANG_ANALYZER_NONNULL = YES;
				CLANG_ANALYZER_NUMBER_OBJECT_CONVERSION = YES_AGGRESSIVE;
				CLANG_CXX_LANGUAGE_STANDARD = "gnu++20";
				CLANG_ENABLE_MODULES = YES;
				CLANG_ENABLE_OBJC_ARC = YES;
				CLANG_ENABLE_OBJC_WEAK = YES;
				CLANG_WARN_BLOCK_CAPTURE_AUTORELEASING = YES;
				CLANG_WARN_BOOL_CONVERSION = YES;
				CLANG_WARN_COMMA = YES;
				CLANG_WARN_CONSTANT_CONVERSION = YES;
				CLANG_WARN_DEPRECATED_OBJC_IMPLEMENTATIONS = YES;
				CLANG_WARN_DIRECT_OBJC_ISA_USAGE = YES_ERROR;
				CLANG_WARN_DOCUMENTATION_COMMENTS = YES;
				CLANG_WARN_EMPTY_BODY = YES;
				CLANG_WARN_ENUM_CONVERSION = YES;
				CLANG_WARN_INFINITE_RECURSION = YES;
				CLANG_WARN_INT_CONVERSION = YES;
				CLANG_WARN_NON_LITERAL_NULL_CONVERSION = YES;
				CLANG_WARN_OBJC_IMPLICIT_RETAIN_SELF = YES;
				CLANG_WARN_OBJC_LITERAL_CONVERSION = YES;
				CLANG_WARN_OBJC_ROOT_CLASS = YES_ERROR;
				CLANG_WARN_QUOTED_INCLUDE_IN_FRAMEWORK_HEADER = YES;
				CLANG_WARN_RANGE_LOOP_ANALYSIS = YES;
				CLANG_WARN_STRICT_PROTOTYPES = YES;
				CLANG_WARN_SUSPICIOUS_MOVE = YES;
				CLANG_WARN_UNGUARDED_AVAILABILITY = YES_AGGRESSIVE;
				CLANG_WARN_UNREACHABLE_CODE = YES;
				CLANG_WARN__DUPLICATE_METHOD_MATCH = YES;
				COPY_PHASE_STRIP = NO;
				DEBUG_INFORMATION_FORMAT = dwarf;
				ENABLE_STRICT_OBJC_MSGSEND = YES;
				ENABLE_TESTABILITY = YES;
				GCC_C_LANGUAGE_STANDARD = gnu11;
				GCC_DYNAMIC_NO_PIC = NO;
				GCC_NO_COMMON_BLOCKS = YES;
				GCC_OPTIMIZATION_LEVEL = 0;
				GCC_PREPROCESSOR_DEFINITIONS = (
					"DEBUG=1",
					"$(inherited)",
				);
				GCC_WARN_64_TO_32_BIT_CONVERSION = YES;
				GCC_WARN_ABOUT_RETURN_TYPE = YES_ERROR;
				GCC_WARN_UNDECLARED_SELECTOR = YES;
				GCC_WARN_UNINITIALIZED_AUTOS = YES_AGGRESSIVE;
				GCC_WARN_UNUSED_FUNCTION = YES;
				GCC_WARN_UNUSED_VARIABLE = YES;
				IPHONEOS_DEPLOYMENT_TARGET = 16.0;
				MTL_ENABLE_DEBUG_INFO = INCLUDE_SOURCE;
				MTL_FAST_MATH = YES;
				ONLY_ACTIVE_ARCH = YES;
				SDKROOT = iphoneos;
				SWIFT_ACTIVE_COMPILATION_CONDITIONS = DEBUG;
				SWIFT_OPTIMIZATION_LEVEL = "-Onone";
			};
			name = Debug;
		};
		FAE1984428A78E3B00559205 /* Release */ = {
			isa = XCBuildConfiguration;
			buildSettings = {
				ALWAYS_SEARCH_USER_PATHS = NO;
				CLANG_ANALYZER_NONNULL = YES;
				CLANG_ANALYZER_NUMBER_OBJECT_CONVERSION = YES_AGGRESSIVE;
				CLANG_CXX_LANGUAGE_STANDARD = "gnu++20";
				CLANG_ENABLE_MODULES = YES;
				CLANG_ENABLE_OBJC_ARC = YES;
				CLANG_ENABLE_OBJC_WEAK = YES;
				CLANG_WARN_BLOCK_CAPTURE_AUTORELEASING = YES;
				CLANG_WARN_BOOL_CONVERSION = YES;
				CLANG_WARN_COMMA = YES;
				CLANG_WARN_CONSTANT_CONVERSION = YES;
				CLANG_WARN_DEPRECATED_OBJC_IMPLEMENTATIONS = YES;
				CLANG_WARN_DIRECT_OBJC_ISA_USAGE = YES_ERROR;
				CLANG_WARN_DOCUMENTATION_COMMENTS = YES;
				CLANG_WARN_EMPTY_BODY = YES;
				CLANG_WARN_ENUM_CONVERSION = YES;
				CLANG_WARN_INFINITE_RECURSION = YES;
				CLANG_WARN_INT_CONVERSION = YES;
				CLANG_WARN_NON_LITERAL_NULL_CONVERSION = YES;
				CLANG_WARN_OBJC_IMPLICIT_RETAIN_SELF = YES;
				CLANG_WARN_OBJC_LITERAL_CONVERSION = YES;
				CLANG_WARN_OBJC_ROOT_CLASS = YES_ERROR;
				CLANG_WARN_QUOTED_INCLUDE_IN_FRAMEWORK_HEADER = YES;
				CLANG_WARN_RANGE_LOOP_ANALYSIS = YES;
				CLANG_WARN_STRICT_PROTOTYPES = YES;
				CLANG_WARN_SUSPICIOUS_MOVE = YES;
				CLANG_WARN_UNGUARDED_AVAILABILITY = YES_AGGRESSIVE;
				CLANG_WARN_UNREACHABLE_CODE = YES;
				CLANG_WARN__DUPLICATE_METHOD_MATCH = YES;
				COPY_PHASE_STRIP = NO;
				DEBUG_INFORMATION_FORMAT = "dwarf-with-dsym";
				ENABLE_NS_ASSERTIONS = NO;
				ENABLE_STRICT_OBJC_MSGSEND = YES;
				GCC_C_LANGUAGE_STANDARD = gnu11;
				GCC_NO_COMMON_BLOCKS = YES;
				GCC_WARN_64_TO_32_BIT_CONVERSION = YES;
				GCC_WARN_ABOUT_RETURN_TYPE = YES_ERROR;
				GCC_WARN_UNDECLARED_SELECTOR = YES;
				GCC_WARN_UNINITIALIZED_AUTOS = YES_AGGRESSIVE;
				GCC_WARN_UNUSED_FUNCTION = YES;
				GCC_WARN_UNUSED_VARIABLE = YES;
				IPHONEOS_DEPLOYMENT_TARGET = 16.0;
				MTL_ENABLE_DEBUG_INFO = NO;
				MTL_FAST_MATH = YES;
				SDKROOT = iphoneos;
				SWIFT_COMPILATION_MODE = wholemodule;
				SWIFT_OPTIMIZATION_LEVEL = "-O";
				VALIDATE_PRODUCT = YES;
			};
			name = Release;
		};
		FAE1984628A78E3B00559205 /* Debug */ = {
			isa = XCBuildConfiguration;
			buildSettings = {
				ASSETCATALOG_COMPILER_APPICON_NAME = AppIcon;
				ASSETCATALOG_COMPILER_GLOBAL_ACCENT_COLOR_NAME = AccentColor;
				CODE_SIGN_STYLE = Automatic;
				CURRENT_PROJECT_VERSION = 1;
				ENABLE_PREVIEWS = YES;
				GENERATE_INFOPLIST_FILE = YES;
				INFOPLIST_KEY_UIApplicationSceneManifest_Generation = YES;
				INFOPLIST_KEY_UIApplicationSupportsIndirectInputEvents = YES;
				INFOPLIST_KEY_UILaunchScreen_Generation = YES;
				INFOPLIST_KEY_UISupportedInterfaceOrientations_iPad = "UIInterfaceOrientationPortrait UIInterfaceOrientationPortraitUpsideDown UIInterfaceOrientationLandscapeLeft UIInterfaceOrientationLandscapeRight";
				INFOPLIST_KEY_UISupportedInterfaceOrientations_iPhone = "UIInterfaceOrientationPortrait UIInterfaceOrientationLandscapeLeft UIInterfaceOrientationLandscapeRight";
				LD_RUNPATH_SEARCH_PATHS = (
					"$(inherited)",
					"@executable_path/Frameworks",
				);
				MARKETING_VERSION = 1.0;
				PRODUCT_BUNDLE_IDENTIFIER = com.blessingsoft.Cherry;
				PRODUCT_NAME = "$(TARGET_NAME)";
				SWIFT_EMIT_LOC_STRINGS = YES;
				SWIFT_VERSION = 5.0;
				TARGETED_DEVICE_FAMILY = "1,2";
			};
			name = Debug;
		};
		FAE1984728A78E3B00559205 /* Release */ = {
			isa = XCBuildConfiguration;
			buildSettings = {
				ASSETCATALOG_COMPILER_APPICON_NAME = AppIcon;
				ASSETCATALOG_COMPILER_GLOBAL_ACCENT_COLOR_NAME = AccentColor;
				CODE_SIGN_STYLE = Automatic;
				CURRENT_PROJECT_VERSION = 1;
				ENABLE_PREVIEWS = YES;
				GENERATE_INFOPLIST_FILE = YES;
				INFOPLIST_KEY_UIApplicationSceneManifest_Generation = YES;
				INFOPLIST_KEY_UIApplicationSupportsIndirectInputEvents = YES;
				INFOPLIST_KEY_UILaunchScreen_Generation = YES;
				INFOPLIST_KEY_UISupportedInterfaceOrientations_iPad = "UIInterfaceOrientationPortrait UIInterfaceOrientationPortraitUpsideDown UIInterfaceOrientationLandscapeLeft UIInterfaceOrientationLandscapeRight";
				INFOPLIST_KEY_UISupportedInterfaceOrientations_iPhone = "UIInterfaceOrientationPortrait UIInterfaceOrientationLandscapeLeft UIInterfaceOrientationLandscapeRight";
				LD_RUNPATH_SEARCH_PATHS = (
					"$(inherited)",
					"@executable_path/Frameworks",
				);
				MARKETING_VERSION = 1.0;
				PRODUCT_BUNDLE_IDENTIFIER = com.blessingsoft.Cherry;
				PRODUCT_NAME = "$(TARGET_NAME)";
				SWIFT_EMIT_LOC_STRINGS = YES;
				SWIFT_VERSION = 5.0;
				TARGETED_DEVICE_FAMILY = "1,2";
			};
			name = Release;
		};
		FAE1984928A78E3B00559205 /* Debug */ = {
			isa = XCBuildConfiguration;
			buildSettings = {
				ALWAYS_EMBED_SWIFT_STANDARD_LIBRARIES = YES;
				BUNDLE_LOADER = "$(TEST_HOST)";
				CODE_SIGN_STYLE = Automatic;
				CURRENT_PROJECT_VERSION = 1;
				GENERATE_INFOPLIST_FILE = YES;
				IPHONEOS_DEPLOYMENT_TARGET = 16.0;
				MARKETING_VERSION = 1.0;
				PRODUCT_BUNDLE_IDENTIFIER = com.blessingsoft.CherryTests;
				PRODUCT_NAME = "$(TARGET_NAME)";
				SWIFT_EMIT_LOC_STRINGS = NO;
				SWIFT_VERSION = 5.0;
				TARGETED_DEVICE_FAMILY = "1,2";
				TEST_HOST = "$(BUILT_PRODUCTS_DIR)/Cherry.app/$(BUNDLE_EXECUTABLE_FOLDER_PATH)/Cherry";
			};
			name = Debug;
		};
		FAE1984A28A78E3B00559205 /* Release */ = {
			isa = XCBuildConfiguration;
			buildSettings = {
				ALWAYS_EMBED_SWIFT_STANDARD_LIBRARIES = YES;
				BUNDLE_LOADER = "$(TEST_HOST)";
				CODE_SIGN_STYLE = Automatic;
				CURRENT_PROJECT_VERSION = 1;
				GENERATE_INFOPLIST_FILE = YES;
				IPHONEOS_DEPLOYMENT_TARGET = 16.0;
				MARKETING_VERSION = 1.0;
				PRODUCT_BUNDLE_IDENTIFIER = com.blessingsoft.CherryTests;
				PRODUCT_NAME = "$(TARGET_NAME)";
				SWIFT_EMIT_LOC_STRINGS = NO;
				SWIFT_VERSION = 5.0;
				TARGETED_DEVICE_FAMILY = "1,2";
				TEST_HOST = "$(BUILT_PRODUCTS_DIR)/Cherry.app/$(BUNDLE_EXECUTABLE_FOLDER_PATH)/Cherry";
			};
			name = Release;
		};
/* End XCBuildConfiguration section */

/* Begin XCConfigurationList section */
		FAE1981C28A78E3800559205 /* Build configuration list for PBXProject "Cherry" */ = {
			isa = XCConfigurationList;
			buildConfigurations = (
				FAE1984328A78E3B00559205 /* Debug */,
				FAE1984428A78E3B00559205 /* Release */,
			);
			defaultConfigurationIsVisible = 0;
			defaultConfigurationName = Release;
		};
		FAE1984528A78E3B00559205 /* Build configuration list for PBXNativeTarget "Cherry" */ = {
			isa = XCConfigurationList;
			buildConfigurations = (
				FAE1984628A78E3B00559205 /* Debug */,
				FAE1984728A78E3B00559205 /* Release */,
			);
			defaultConfigurationIsVisible = 0;
			defaultConfigurationName = Release;
		};
		FAE1984828A78E3B00559205 /* Build configuration list for PBXNativeTarget "CherryTests" */ = {
			isa = XCConfigurationList;
			buildConfigurations = (
				FAE1984928A78E3B00559205 /* Debug */,
				FAE1984A28A78E3B00559205 /* Release */,
			);
			defaultConfigurationIsVisible = 0;
			defaultConfigurationName = Release;
		};
/* End XCConfigurationList section */

/* Begin XCSwiftPackageProductDependency section */
		FAE1985E28A7A57D00559205 /* Blessing */ = {
			isa = XCSwiftPackageProductDependency;
			productName = Blessing;
		};
/* End XCSwiftPackageProductDependency section */
	};
	rootObject = FAE1981928A78E3800559205 /* Project object */;
}
