{
  "pins" : [
    {
      "identity" : "blessingkit",
      "kind" : "remoteSourceControl",
      "location" : "https://github.com/xspyhack/BlessingKit",
      "state" : {
        "branch" : "main",
        "revision" : "9b46adbd30760b82166b27b49a175940344ad2f3"
      }
    }
  ],
  "version" : 2
}
